// !$*UTF8*$!
{
	archiveVersion = 1;
	classes = {
	};
	objectVersion = 51;
	objects = {

/* Begin PBXBuildFile section */
		9A857AAAA100B7D7E993747A /* Pods_SampleToDoList.framework in Frameworks */ = {isa = PBXBuildFile; fileRef = 7F7B047ED3E4C2F425B1356B /* Pods_SampleToDoList.framework */; };
		9B4EEBEA2401377B002D6D8D /* AppDelegate.swift in Sources */ = {isa = PBXBuildFile; fileRef = 9B4EEBE92401377B002D6D8D /* AppDelegate.swift */; };
		9B4EEBEC2401377B002D6D8D /* SceneDelegate.swift in Sources */ = {isa = PBXBuildFile; fileRef = 9B4EEBEB2401377B002D6D8D /* SceneDelegate.swift */; };
		9B4EEBF12401377B002D6D8D /* Main.storyboard in Resources */ = {isa = PBXBuildFile; fileRef = 9B4EEBEF2401377B002D6D8D /* Main.storyboard */; };
		9B4EEBF324013780002D6D8D /* Assets.xcassets in Resources */ = {isa = PBXBuildFile; fileRef = 9B4EEBF224013780002D6D8D /* Assets.xcassets */; };
		9B4EEBF624013780002D6D8D /* LaunchScreen.storyboard in Resources */ = {isa = PBXBuildFile; fileRef = 9B4EEBF424013780002D6D8D /* LaunchScreen.storyboard */; };
		9B4EEBFE24013F98002D6D8D /* InsertViewController.swift in Sources */ = {isa = PBXBuildFile; fileRef = 9B4EEBFD24013F98002D6D8D /* InsertViewController.swift */; };
		9B4EEC0124014080002D6D8D /* TopMenuTableViewController.swift in Sources */ = {isa = PBXBuildFile; fileRef = 9B4EEC0024014080002D6D8D /* TopMenuTableViewController.swift */; };
/* End PBXBuildFile section */

/* Begin PBXFileReference section */
		4544E0AD617BB1AFC0FC3AB7 /* Pods-SampleToDoList.release.xcconfig */ = {isa = PBXFileReference; includeInIndex = 1; lastKnownFileType = text.xcconfig; name = "Pods-SampleToDoList.release.xcconfig"; path = "Target Support Files/Pods-SampleToDoList/Pods-SampleToDoList.release.xcconfig"; sourceTree = "<group>"; };
		7F7B047ED3E4C2F425B1356B /* Pods_SampleToDoList.framework */ = {isa = PBXFileReference; explicitFileType = wrapper.framework; includeInIndex = 0; path = Pods_SampleToDoList.framework; sourceTree = BUILT_PRODUCTS_DIR; };
		9B4EEBE62401377B002D6D8D /* SampleToDoList.app */ = {isa = PBXFileReference; explicitFileType = wrapper.application; includeInIndex = 0; path = SampleToDoList.app; sourceTree = BUILT_PRODUCTS_DIR; };
		9B4EEBE92401377B002D6D8D /* AppDelegate.swift */ = {isa = PBXFileReference; lastKnownFileType = sourcecode.swift; path = AppDelegate.swift; sourceTree = "<group>"; };
		9B4EEBEB2401377B002D6D8D /* SceneDelegate.swift */ = {isa = PBXFileReference; lastKnownFileType = sourcecode.swift; path = SceneDelegate.swift; sourceTree = "<group>"; };
		9B4EEBF02401377B002D6D8D /* Base */ = {isa = PBXFileReference; lastKnownFileType = file.storyboard; name = Base; path = Base.lproj/Main.storyboard; sourceTree = "<group>"; };
		9B4EEBF224013780002D6D8D /* Assets.xcassets */ = {isa = PBXFileReference; lastKnownFileType = folder.assetcatalog; path = Assets.xcassets; sourceTree = "<group>"; };
		9B4EEBF524013780002D6D8D /* Base */ = {isa = PBXFileReference; lastKnownFileType = file.storyboard; name = Base; path = Base.lproj/LaunchScreen.storyboard; sourceTree = "<group>"; };
		9B4EEBF724013780002D6D8D /* Info.plist */ = {isa = PBXFileReference; lastKnownFileType = text.plist.xml; path = Info.plist; sourceTree = "<group>"; };
		9B4EEBFD24013F98002D6D8D /* InsertViewController.swift */ = {isa = PBXFileReference; lastKnownFileType = sourcecode.swift; path = InsertViewController.swift; sourceTree = "<group>"; };
		9B4EEC0024014080002D6D8D /* TopMenuTableViewController.swift */ = {isa = PBXFileReference; lastKnownFileType = sourcecode.swift; name = TopMenuTableViewController.swift; path = /Users/kuwaharanozomi/Desktop/MySwift/SampleToDoList/SampleToDoList/TopMenuTableViewController.swift; sourceTree = "<absolute>"; };
		A0AC324DD0F8E65D83F766D6 /* Pods-SampleToDoList.debug.xcconfig */ = {isa = PBXFileReference; includeInIndex = 1; lastKnownFileType = text.xcconfig; name = "Pods-SampleToDoList.debug.xcconfig"; path = "Target Support Files/Pods-SampleToDoList/Pods-SampleToDoList.debug.xcconfig"; sourceTree = "<group>"; };
/* End PBXFileReference section */

/* Begin PBXFrameworksBuildPhase section */
		9B4EEBE32401377B002D6D8D /* Frameworks */ = {
			isa = PBXFrameworksBuildPhase;
			buildActionMask = 2147483647;
			files = (
				9A857AAAA100B7D7E993747A /* Pods_SampleToDoList.framework in Frameworks */,
			);
			runOnlyForDeploymentPostprocessing = 0;
		};
/* End PBXFrameworksBuildPhase section */

/* Begin PBXGroup section */
		2525927B393BC3C103B881D5 /* Pods */ = {
			isa = PBXGroup;
			children = (
				A0AC324DD0F8E65D83F766D6 /* Pods-SampleToDoList.debug.xcconfig */,
				4544E0AD617BB1AFC0FC3AB7 /* Pods-SampleToDoList.release.xcconfig */,
			);
			path = Pods;
			sourceTree = "<group>";
		};
		9B4EEBDD2401377B002D6D8D = {
			isa = PBXGroup;
			children = (
				9B4EEBE82401377B002D6D8D /* SampleToDoList */,
				9B4EEBE72401377B002D6D8D /* Products */,
				2525927B393BC3C103B881D5 /* Pods */,
				E5D8666870C280CAEA2ADE69 /* Frameworks */,
			);
			sourceTree = "<group>";
		};
		9B4EEBE72401377B002D6D8D /* Products */ = {
			isa = PBXGroup;
			children = (
				9B4EEBE62401377B002D6D8D /* SampleToDoList.app */,
			);
			name = Products;
			sourceTree = "<group>";
		};
		9B4EEBE82401377B002D6D8D /* SampleToDoList */ = {
			isa = PBXGroup;
			children = (
				9B4EEBE92401377B002D6D8D /* AppDelegate.swift */,
				9B4EEBEB2401377B002D6D8D /* SceneDelegate.swift */,
				9B4EEBEF2401377B002D6D8D /* Main.storyboard */,
				9B4EEC0024014080002D6D8D /* TopMenuTableViewController.swift */,
				9B4EEBFD24013F98002D6D8D /* InsertViewController.swift */,
				9B4EEBF224013780002D6D8D /* Assets.xcassets */,
				9B4EEBF424013780002D6D8D /* LaunchScreen.storyboard */,
				9B4EEBF724013780002D6D8D /* Info.plist */,
			);
			path = SampleToDoList;
			sourceTree = "<group>";
		};
		E5D8666870C280CAEA2ADE69 /* Frameworks */ = {
			isa = PBXGroup;
			children = (
				7F7B047ED3E4C2F425B1356B /* Pods_SampleToDoList.framework */,
			);
			name = Frameworks;
			sourceTree = "<group>";
		};
/* End PBXGroup section */

/* Begin PBXNativeTarget section */
		9B4EEBE52401377B002D6D8D /* SampleToDoList */ = {
			isa = PBXNativeTarget;
			buildConfigurationList = 9B4EEBFA24013780002D6D8D /* Build configuration list for PBXNativeTarget "SampleToDoList" */;
			buildPhases = (
				E8CD8179E0728C24C95CFC13 /* [CP] Check Pods Manifest.lock */,
				9B4EEBE22401377B002D6D8D /* Sources */,
				9B4EEBE32401377B002D6D8D /* Frameworks */,
				9B4EEBE42401377B002D6D8D /* Resources */,
				AD68BEABCD7FAF0390700772 /* [CP] Embed Pods Frameworks */,
			);
			buildRules = (
			);
			dependencies = (
			);
			name = SampleToDoList;
			productName = SampleToDoList;
			productReference = 9B4EEBE62401377B002D6D8D /* SampleToDoList.app */;
			productType = "com.apple.product-type.application";
		};
/* End PBXNativeTarget section */

/* Begin PBXProject section */
		9B4EEBDE2401377B002D6D8D /* Project object */ = {
			isa = PBXProject;
			attributes = {
				LastSwiftUpdateCheck = 1130;
				LastUpgradeCheck = 1130;
				ORGANIZATIONNAME = MySwift;
				TargetAttributes = {
					9B4EEBE52401377B002D6D8D = {
						CreatedOnToolsVersion = 11.3.1;
					};
				};
			};
			buildConfigurationList = 9B4EEBE12401377B002D6D8D /* Build configuration list for PBXProject "SampleToDoList" */;
			compatibilityVersion = "Xcode 9.3";
			developmentRegion = en;
			hasScannedForEncodings = 0;
			knownRegions = (
				en,
				Base,
			);
			mainGroup = 9B4EEBDD2401377B002D6D8D;
			productRefGroup = 9B4EEBE72401377B002D6D8D /* Products */;
			projectDirPath = "";
			projectRoot = "";
			targets = (
				9B4EEBE52401377B002D6D8D /* SampleToDoList */,
			);
		};
/* End PBXProject section */

/* Begin PBXResourcesBuildPhase section */
		9B4EEBE42401377B002D6D8D /* Resources */ = {
			isa = PBXResourcesBuildPhase;
			buildActionMask = 2147483647;
			files = (
				9B4EEBF624013780002D6D8D /* LaunchScreen.storyboard in Resources */,
				9B4EEBF324013780002D6D8D /* Assets.xcassets in Resources */,
				9B4EEBF12401377B002D6D8D /* Main.storyboard in Resources */,
			);
			runOnlyForDeploymentPostprocessing = 0;
		};
/* End PBXResourcesBuildPhase section */

/* Begin PBXShellScriptBuildPhase section */
		AD68BEABCD7FAF0390700772 /* [CP] Embed Pods Frameworks */ = {
			isa = PBXShellScriptBuildPhase;
			buildActionMask = 2147483647;
			files = (
			);
			inputFileListPaths = (
				"${PODS_ROOT}/Target Support Files/Pods-SampleToDoList/Pods-SampleToDoList-frameworks-${CONFIGURATION}-input-files.xcfilelist",
			);
			name = "[CP] Embed Pods Frameworks";
			outputFileListPaths = (
				"${PODS_ROOT}/Target Support Files/Pods-SampleToDoList/Pods-SampleToDoList-frameworks-${CONFIGURATION}-output-files.xcfilelist",
			);
			runOnlyForDeploymentPostprocessing = 0;
			shellPath = /bin/sh;
			shellScript = "\"${PODS_ROOT}/Target Support Files/Pods-SampleToDoList/Pods-SampleToDoList-frameworks.sh\"\n";
			showEnvVarsInLog = 0;
		};
		E8CD8179E0728C24C95CFC13 /* [CP] Check Pods Manifest.lock */ = {
			isa = PBXShellScriptBuildPhase;
			buildActionMask = 2147483647;
			files = (
			);
			inputFileListPaths = (
			);
			inputPaths = (
				"${PODS_PODFILE_DIR_PATH}/Podfile.lock",
				"${PODS_ROOT}/Manifest.lock",
			);
			name = "[CP] Check Pods Manifest.lock";
			outputFileListPaths = (
			);
			outputPaths = (
				"$(DERIVED_FILE_DIR)/Pods-SampleToDoList-checkManifestLockResult.txt",
			);
			runOnlyForDeploymentPostprocessing = 0;
			shellPath = /bin/sh;
			shellScript = "diff \"${PODS_PODFILE_DIR_PATH}/Podfile.lock\" \"${PODS_ROOT}/Manifest.lock\" > /dev/null\nif [ $? != 0 ] ; then\n    # print error to STDERR\n    echo \"error: The sandbox is not in sync with the Podfile.lock. Run 'pod install' or update your CocoaPods installation.\" >&2\n    exit 1\nfi\n# This output is used by Xcode 'outputs' to avoid re-running this script phase.\necho \"SUCCESS\" > \"${SCRIPT_OUTPUT_FILE_0}\"\n";
			showEnvVarsInLog = 0;
		};
/* End PBXShellScriptBuildPhase section */

/* Begin PBXSourcesBuildPhase section */
		9B4EEBE22401377B002D6D8D /* Sources */ = {
			isa = PBXSourcesBuildPhase;
			buildActionMask = 2147483647;
			files = (
				9B4EEC0124014080002D6D8D /* TopMenuTableViewController.swift in Sources */,
				9B4EEBFE24013F98002D6D8D /* InsertViewController.swift in Sources */,
				9B4EEBEA2401377B002D6D8D /* AppDelegate.swift in Sources */,
				9B4EEBEC2401377B002D6D8D /* SceneDelegate.swift in Sources */,
			);
			runOnlyForDeploymentPostprocessing = 0;
		};
/* End PBXSourcesBuildPhase section */

/* Begin PBXVariantGroup section */
		9B4EEBEF2401377B002D6D8D /* Main.storyboard */ = {
			isa = PBXVariantGroup;
			children = (
				9B4EEBF02401377B002D6D8D /* Base */,
			);
			name = Main.storyboard;
			sourceTree = "<group>";
		};
		9B4EEBF424013780002D6D8D /* LaunchScreen.storyboard */ = {
			isa = PBXVariantGroup;
			children = (
				9B4EEBF524013780002D6D8D /* Base */,
			);
			name = LaunchScreen.storyboard;
			sourceTree = "<group>";
		};
/* End PBXVariantGroup section */

/* Begin XCBuildConfiguration section */
		9B4EEBF824013780002D6D8D /* Debug */ = {
			isa = XCBuildConfiguration;
			buildSettings = {
				ALWAYS_SEARCH_USER_PATHS = NO;
				CLANG_ANALYZER_NONNULL = YES;
				CLANG_ANALYZER_NUMBER_OBJECT_CONVERSION = YES_AGGRESSIVE;
				CLANG_CXX_LANGUAGE_STANDARD = "gnu++14";
				CLANG_CXX_LIBRARY = "libc++";
				CLANG_ENABLE_MODULES = YES;
				CLANG_ENABLE_OBJC_ARC = YES;
				CLANG_ENABLE_OBJC_WEAK = YES;
				CLANG_WARN_BLOCK_CAPTURE_AUTORELEASING = YES;
				CLANG_WARN_BOOL_CONVERSION = YES;
				CLANG_WARN_COMMA = YES;
				CLANG_WARN_CONSTANT_CONVERSION = YES;
				CLANG_WARN_DEPRECATED_OBJC_IMPLEMENTATIONS = YES;
				CLANG_WARN_DIRECT_OBJC_ISA_USAGE = YES_ERROR;
				CLANG_WARN_DOCUMENTATION_COMMENTS = YES;
				CLANG_WARN_EMPTY_BODY = YES;
				CLANG_WARN_ENUM_CONVERSION = YES;
				CLANG_WARN_INFINITE_RECURSION = YES;
				CLANG_WARN_INT_CONVERSION = YES;
				CLANG_WARN_NON_LITERAL_NULL_CONVERSION = YES;
				CLANG_WARN_OBJC_IMPLICIT_RETAIN_SELF = YES;
				CLANG_WARN_OBJC_LITERAL_CONVERSION = YES;
				CLANG_WARN_OBJC_ROOT_CLASS = YES_ERROR;
				CLANG_WARN_RANGE_LOOP_ANALYSIS = YES;
				CLANG_WARN_STRICT_PROTOTYPES = YES;
				CLANG_WARN_SUSPICIOUS_MOVE = YES;
				CLANG_WARN_UNGUARDED_AVAILABILITY = YES_AGGRESSIVE;
				CLANG_WARN_UNREACHABLE_CODE = YES;
				CLANG_WARN__DUPLICATE_METHOD_MATCH = YES;
				COPY_PHASE_STRIP = NO;
				DEBUG_INFORMATION_FORMAT = dwarf;
				ENABLE_STRICT_OBJC_MSGSEND = YES;
				ENABLE_TESTABILITY = YES;
				GCC_C_LANGUAGE_STANDARD = gnu11;
				GCC_DYNAMIC_NO_PIC = NO;
				GCC_NO_COMMON_BLOCKS = YES;
				GCC_OPTIMIZATION_LEVEL = 0;
				GCC_PREPROCESSOR_DEFINITIONS = (
					"DEBUG=1",
					"$(inherited)",
				);
				GCC_WARN_64_TO_32_BIT_CONVERSION = YES;
				GCC_WARN_ABOUT_RETURN_TYPE = YES_ERROR;
				GCC_WARN_UNDECLARED_SELECTOR = YES;
				GCC_WARN_UNINITIALIZED_AUTOS = YES_AGGRESSIVE;
				GCC_WARN_UNUSED_FUNCTION = YES;
				GCC_WARN_UNUSED_VARIABLE = YES;
				IPHONEOS_DEPLOYMENT_TARGET = 13.2;
				MTL_ENABLE_DEBUG_INFO = INCLUDE_SOURCE;
				MTL_FAST_MATH = YES;
				ONLY_ACTIVE_ARCH = YES;
				SDKROOT = iphoneos;
				SWIFT_ACTIVE_COMPILATION_CONDITIONS = DEBUG;
				SWIFT_OPTIMIZATION_LEVEL = "-Onone";
			};
			name = Debug;
		};
		9B4EEBF924013780002D6D8D /* Release */ = {
			isa = XCBuildConfiguration;
			buildSettings = {
				ALWAYS_SEARCH_USER_PATHS = NO;
				CLANG_ANALYZER_NONNULL = YES;
				CLANG_ANALYZER_NUMBER_OBJECT_CONVERSION = YES_AGGRESSIVE;
				CLANG_CXX_LANGUAGE_STANDARD = "gnu++14";
				CLANG_CXX_LIBRARY = "libc++";
				CLANG_ENABLE_MODULES = YES;
				CLANG_ENABLE_OBJC_ARC = YES;
				CLANG_ENABLE_OBJC_WEAK = YES;
				CLANG_WARN_BLOCK_CAPTURE_AUTORELEASING = YES;
				CLANG_WARN_BOOL_CONVERSION = YES;
				CLANG_WARN_COMMA = YES;
				CLANG_WARN_CONSTANT_CONVERSION = YES;
				CLANG_WARN_DEPRECATED_OBJC_IMPLEMENTATIONS = YES;
				CLANG_WARN_DIRECT_OBJC_ISA_USAGE = YES_ERROR;
				CLANG_WARN_DOCUMENTATION_COMMENTS = YES;
				CLANG_WARN_EMPTY_BODY = YES;
				CLANG_WARN_ENUM_CONVERSION = YES;
				CLANG_WARN_INFINITE_RECURSION = YES;
				CLANG_WARN_INT_CONVERSION = YES;
				CLANG_WARN_NON_LITERAL_NULL_CONVERSION = YES;
				CLANG_WARN_OBJC_IMPLICIT_RETAIN_SELF = YES;
				CLANG_WARN_OBJC_LITERAL_CONVERSION = YES;
				CLANG_WARN_OBJC_ROOT_CLASS = YES_ERROR;
				CLANG_WARN_RANGE_LOOP_ANALYSIS = YES;
				CLANG_WARN_STRICT_PROTOTYPES = YES;
				CLANG_WARN_SUSPICIOUS_MOVE = YES;
				CLANG_WARN_UNGUARDED_AVAILABILITY = YES_AGGRESSIVE;
				CLANG_WARN_UNREACHABLE_CODE = YES;
				CLANG_WARN__DUPLICATE_METHOD_MATCH = YES;
				COPY_PHASE_STRIP = NO;
				DEBUG_INFORMATION_FORMAT = "dwarf-with-dsym";
				ENABLE_NS_ASSERTIONS = NO;
				ENABLE_STRICT_OBJC_MSGSEND = YES;
				GCC_C_LANGUAGE_STANDARD = gnu11;
				GCC_NO_COMMON_BLOCKS = YES;
				GCC_WARN_64_TO_32_BIT_CONVERSION = YES;
				GCC_WARN_ABOUT_RETURN_TYPE = YES_ERROR;
				GCC_WARN_UNDECLARED_SELECTOR = YES;
				GCC_WARN_UNINITIALIZED_AUTOS = YES_AGGRESSIVE;
				GCC_WARN_UNUSED_FUNCTION = YES;
				GCC_WARN_UNUSED_VARIABLE = YES;
				IPHONEOS_DEPLOYMENT_TARGET = 13.2;
				MTL_ENABLE_DEBUG_INFO = NO;
				MTL_FAST_MATH = YES;
				SDKROOT = iphoneos;
				SWIFT_COMPILATION_MODE = wholemodule;
				SWIFT_OPTIMIZATION_LEVEL = "-O";
				VALIDATE_PRODUCT = YES;
			};
			name = Release;
		};
		9B4EEBFB24013780002D6D8D /* Debug */ = {
			isa = XCBuildConfiguration;
			baseConfigurationReference = A0AC324DD0F8E65D83F766D6 /* Pods-SampleToDoList.debug.xcconfig */;
			buildSettings = {
				ASSETCATALOG_COMPILER_APPICON_NAME = AppIcon;
				CODE_SIGN_STYLE = Automatic;
				DEVELOPMENT_TEAM = S93A4URV76;
				INFOPLIST_FILE = SampleToDoList/Info.plist;
				LD_RUNPATH_SEARCH_PATHS = (
					"$(inherited)",
					"@executable_path/Frameworks",
				);
				PRODUCT_BUNDLE_IDENTIFIER = com.sasuraiblog.SampleToDoList;
				PRODUCT_NAME = "$(TARGET_NAME)";
				SWIFT_VERSION = 5.0;
				TARGETED_DEVICE_FAMILY = "1,2";
			};
			name = Debug;
		};
		9B4EEBFC24013780002D6D8D /* Release */ = {
			isa = XCBuildConfiguration;
			baseConfigurationReference = 4544E0AD617BB1AFC0FC3AB7 /* Pods-SampleToDoList.release.xcconfig */;
			buildSettings = {
				ASSETCATALOG_COMPILER_APPICON_NAME = AppIcon;
				CODE_SIGN_STYLE = Automatic;
				DEVELOPMENT_TEAM = S93A4URV76;
				INFOPLIST_FILE = SampleToDoList/Info.plist;
				LD_RUNPATH_SEARCH_PATHS = (
					"$(inherited)",
					"@executable_path/Frameworks",
				);
				PRODUCT_BUNDLE_IDENTIFIER = com.sasuraiblog.SampleToDoList;
				PRODUCT_NAME = "$(TARGET_NAME)";
				SWIFT_VERSION = 5.0;
				TARGETED_DEVICE_FAMILY = "1,2";
			};
			name = Release;
		};
/* End XCBuildConfiguration section */

/* Begin XCConfigurationList section */
		9B4EEBE12401377B002D6D8D /* Build configuration list for PBXProject "SampleToDoList" */ = {
			isa = XCConfigurationList;
			buildConfigurations = (
				9B4EEBF824013780002D6D8D /* Debug */,
				9B4EEBF924013780002D6D8D /* Release */,
			);
			defaultConfigurationIsVisible = 0;
			defaultConfigurationName = Release;
		};
		9B4EEBFA24013780002D6D8D /* Build configuration list for PBXNativeTarget "SampleToDoList" */ = {
			isa = XCConfigurationList;
			buildConfigurations = (
				9B4EEBFB24013780002D6D8D /* Debug */,
				9B4EEBFC24013780002D6D8D /* Release */,
			);
			defaultConfigurationIsVisible = 0;
			defaultConfigurationName = Release;
		};
/* End XCConfigurationList section */
	};
	rootObject = 9B4EEBDE2401377B002D6D8D /* Project object */;
}
